
Microsoft Visual Studio Solution File, Format Version 12.00
# Visual Studio 14
VisualStudioVersion = 14.0.25123.0
MinimumVisualStudioVersion = 10.0.40219.1
Project("{FAE04EC0-301F-11D3-BF4B-00C04F79EFBC}") = "QuServer", "QuServer\QuServer.csproj", "{87758C0F-8225-4346-B191-C954BF27F055}"
EndProject
Project("{FAE04EC0-301F-11D3-BF4B-00C04F79EFBC}") = "QuClient", "QuClient\QuClient.csproj", "{175CF445-ABEB-4007-89D8-C3112EFD6F3F}"
EndProject
Project("{FAE04EC0-301F-11D3-BF4B-00C04F79EFBC}") = "QuTest", "QuTest\QuTest.csproj", "{96C97F85-AC7B-4785-989A-95FA6146813E}"
EndProject
Project("{FAE04EC0-301F-11D3-BF4B-00C04F79EFBC}") = "QuUtils", "QuUtils\QuUtils.csproj", "{BE036E2C-6C11-4B87-8B1B-0171DC717725}"
EndProject
Global
	GlobalSection(SolutionConfigurationPlatforms) = preSolution
		Debug|Any CPU = Debug|Any CPU
		Release|Any CPU = Release|Any CPU
	EndGlobalSection
	GlobalSection(ProjectConfigurationPlatforms) = postSolution
		{87758C0F-8225-4346-B191-C954BF27F055}.Debug|Any CPU.ActiveCfg = Debug|Any CPU
		{87758C0F-8225-4346-B191-C954BF27F055}.Debug|Any CPU.Build.0 = Debug|Any CPU
		{87758C0F-8225-4346-B191-C954BF27F055}.Release|Any CPU.ActiveCfg = Release|Any CPU
		{87758C0F-8225-4346-B191-C954BF27F055}.Release|Any CPU.Build.0 = Release|Any CPU
		{175CF445-ABEB-4007-89D8-C3112EFD6F3F}.Debug|Any CPU.ActiveCfg = Debug|Any CPU
		{175CF445-ABEB-4007-89D8-C3112EFD6F3F}.Debug|Any CPU.Build.0 = Debug|Any CPU
		{175CF445-ABEB-4007-89D8-C3112EFD6F3F}.Release|Any CPU.ActiveCfg = Release|Any CPU
		{175CF445-ABEB-4007-89D8-C3112EFD6F3F}.Release|Any CPU.Build.0 = Release|Any CPU
		{96C97F85-AC7B-4785-989A-95FA6146813E}.Debug|Any CPU.ActiveCfg = Debug|Any CPU
		{96C97F85-AC7B-4785-989A-95FA6146813E}.Debug|Any CPU.Build.0 = Debug|Any CPU
		{96C97F85-AC7B-4785-989A-95FA6146813E}.Release|Any CPU.ActiveCfg = Release|Any CPU
		{96C97F85-AC7B-4785-989A-95FA6146813E}.Release|Any CPU.Build.0 = Release|Any CPU
		{BE036E2C-6C11-4B87-8B1B-0171DC717725}.Debug|Any CPU.ActiveCfg = Debug|Any CPU
		{BE036E2C-6C11-4B87-8B1B-0171DC717725}.Debug|Any CPU.Build.0 = Debug|Any CPU
		{BE036E2C-6C11-4B87-8B1B-0171DC717725}.Release|Any CPU.ActiveCfg = Release|Any CPU
		{BE036E2C-6C11-4B87-8B1B-0171DC717725}.Release|Any CPU.Build.0 = Release|Any CPU
	EndGlobalSection
	GlobalSection(SolutionProperties) = preSolution
		HideSolutionNode = FALSE
	EndGlobalSection
EndGlobal
